{
  "name": "Lecture_Project_JQuery",
  "lockfileVersion": 3,
  "requires": true,
  "packages": {
    "": {
      "dependencies": {
        "animate.css": "^4.1.1",
        "skitter-slider": "^5.1.4"
      }
    },
    "node_modules/animate.css": {
      "version": "4.1.1",
      "resolved": "https://registry.npmjs.org/animate.css/-/animate.css-4.1.1.tgz",
      "integrity": "sha512-+mRmCTv6SbCmtYJCN4faJMNFVNN5EuCTTprDTAo7YzIGji2KADmakjVA3+8mVDkZ2Bf09vayB35lSQIex2+QaQ=="
    },
    "node_modules/skitter-slider": {
      "version": "5.1.4",
      "resolved": "https://registry.npmjs.org/skitter-slider/-/skitter-slider-5.1.4.tgz",
      "integrity": "sha512-TRBnVot7SXI19Sc3qEweIm7LYGLM97YCF+jrEWymXKkRBJOGXBxH2VPIoxdNi9346ea6UwcgjN7ElGFH1Yt/3Q=="
    }
  }
}
